
Microsoft Visual Studio Solution File, Format Version 11.00
# Visual Studio 2010
Project("{8BC9CEB8-8B4A-11D0-8D11-00A0C91BC942}") = "RTC Toolbox", "RTC Toolbox\RTC Toolbox.vcxproj", "{3F9867BC-012D-46B9-A193-4823151E88DE}"
EndProject
Global
	GlobalSection(SolutionConfigurationPlatforms) = preSolution
		Debug|Win32 = Debug|Win32
		Release|Win32 = Release|Win32
	EndGlobalSection
	GlobalSection(ProjectConfigurationPlatforms) = postSolution
		{3F9867BC-012D-46B9-A193-4823151E88DE}.Debug|Win32.ActiveCfg = Debug|Win32
		{3F9867BC-012D-46B9-A193-4823151E88DE}.Debug|Win32.Build.0 = Debug|Win32
		{3F9867BC-012D-46B9-A193-4823151E88DE}.Release|Win32.ActiveCfg = Release|Win32
		{3F9867BC-012D-46B9-A193-4823151E88DE}.Release|Win32.Build.0 = Release|Win32
	EndGlobalSection
	GlobalSection(SolutionProperties) = preSolution
		HideSolutionNode = FALSE
	EndGlobalSection
EndGlobal
